
Microsoft Visual Studio Solution File, Format Version 12.00
# Visual Studio 14
VisualStudioVersion = 14.0.25420.1
MinimumVisualStudioVersion = 10.0.40219.1
Project("{FAE04EC0-301F-11D3-BF4B-00C04F79EFBC}") = "BeaconApp", "BeaconApp\BeaconApp\BeaconApp.csproj", "{2DC5BE90-F64F-42E1-843D-B14C4C362868}"
EndProject
Project("{FAE04EC0-301F-11D3-BF4B-00C04F79EFBC}") = "BeaconApp.Droid", "BeaconApp\BeaconApp.Droid\BeaconApp.Droid.csproj", "{CCBDD903-15F3-4C88-8BF1-13F6B3AF07BB}"
EndProject
Project("{FAE04EC0-301F-11D3-BF4B-00C04F79EFBC}") = "BeaconApp.iOS", "BeaconApp\BeaconApp.iOS\BeaconApp.iOS.csproj", "{466B9853-9E8D-4DC7-B742-7540C034D06A}"
EndProject
Project("{2150E333-8FDC-42A3-9474-1A3956D46DE8}") = "App", "App", "{AC8E4A20-E9A5-42DA-AA9D-9E2288D2111A}"
EndProject
Project("{2150E333-8FDC-42A3-9474-1A3956D46DE8}") = "Backend", "Backend", "{A8B5C888-D927-4A82-85E2-2D5ADCD4D2AF}"
EndProject
Project("{2150E333-8FDC-42A3-9474-1A3956D46DE8}") = "Common", "Common", "{881277D4-A74F-46D9-AE84-003D7F1E22F4}"
EndProject
Project("{2150E333-8FDC-42A3-9474-1A3956D46DE8}") = "Beacon", "Beacon", "{236DD315-DFA5-4A7B-AF42-47B033F56C94}"
EndProject
Project("{2150E333-8FDC-42A3-9474-1A3956D46DE8}") = "Common", "Common", "{479756E5-F2AE-4E72-B107-8583E4D9A376}"
EndProject
Global
	GlobalSection(SolutionConfigurationPlatforms) = preSolution
		Ad-Hoc|Any CPU = Ad-Hoc|Any CPU
		Ad-Hoc|iPhone = Ad-Hoc|iPhone
		Ad-Hoc|iPhoneSimulator = Ad-Hoc|iPhoneSimulator
		AppStore|Any CPU = AppStore|Any CPU
		AppStore|iPhone = AppStore|iPhone
		AppStore|iPhoneSimulator = AppStore|iPhoneSimulator
		Debug|Any CPU = Debug|Any CPU
		Debug|iPhone = Debug|iPhone
		Debug|iPhoneSimulator = Debug|iPhoneSimulator
		Release|Any CPU = Release|Any CPU
		Release|iPhone = Release|iPhone
		Release|iPhoneSimulator = Release|iPhoneSimulator
	EndGlobalSection
	GlobalSection(ProjectConfigurationPlatforms) = postSolution
		{2DC5BE90-F64F-42E1-843D-B14C4C362868}.Ad-Hoc|Any CPU.ActiveCfg = Release|Any CPU
		{2DC5BE90-F64F-42E1-843D-B14C4C362868}.Ad-Hoc|Any CPU.Build.0 = Release|Any CPU
		{2DC5BE90-F64F-42E1-843D-B14C4C362868}.Ad-Hoc|iPhone.ActiveCfg = Release|Any CPU
		{2DC5BE90-F64F-42E1-843D-B14C4C362868}.Ad-Hoc|iPhone.Build.0 = Release|Any CPU
		{2DC5BE90-F64F-42E1-843D-B14C4C362868}.Ad-Hoc|iPhoneSimulator.ActiveCfg = Release|Any CPU
		{2DC5BE90-F64F-42E1-843D-B14C4C362868}.Ad-Hoc|iPhoneSimulator.Build.0 = Release|Any CPU
		{2DC5BE90-F64F-42E1-843D-B14C4C362868}.AppStore|Any CPU.ActiveCfg = Release|Any CPU
		{2DC5BE90-F64F-42E1-843D-B14C4C362868}.AppStore|Any CPU.Build.0 = Release|Any CPU
		{2DC5BE90-F64F-42E1-843D-B14C4C362868}.AppStore|iPhone.ActiveCfg = Release|Any CPU
		{2DC5BE90-F64F-42E1-843D-B14C4C362868}.AppStore|iPhone.Build.0 = Release|Any CPU
		{2DC5BE90-F64F-42E1-843D-B14C4C362868}.AppStore|iPhoneSimulator.ActiveCfg = Release|Any CPU
		{2DC5BE90-F64F-42E1-843D-B14C4C362868}.AppStore|iPhoneSimulator.Build.0 = Release|Any CPU
		{2DC5BE90-F64F-42E1-843D-B14C4C362868}.Debug|Any CPU.ActiveCfg = Debug|Any CPU
		{2DC5BE90-F64F-42E1-843D-B14C4C362868}.Debug|Any CPU.Build.0 = Debug|Any CPU
		{2DC5BE90-F64F-42E1-843D-B14C4C362868}.Debug|iPhone.ActiveCfg = Debug|Any CPU
		{2DC5BE90-F64F-42E1-843D-B14C4C362868}.Debug|iPhone.Build.0 = Debug|Any CPU
		{2DC5BE90-F64F-42E1-843D-B14C4C362868}.Debug|iPhoneSimulator.ActiveCfg = Debug|Any CPU
		{2DC5BE90-F64F-42E1-843D-B14C4C362868}.Debug|iPhoneSimulator.Build.0 = Debug|Any CPU
		{2DC5BE90-F64F-42E1-843D-B14C4C362868}.Release|Any CPU.ActiveCfg = Release|Any CPU
		{2DC5BE90-F64F-42E1-843D-B14C4C362868}.Release|Any CPU.Build.0 = Release|Any CPU
		{2DC5BE90-F64F-42E1-843D-B14C4C362868}.Release|iPhone.ActiveCfg = Release|Any CPU
		{2DC5BE90-F64F-42E1-843D-B14C4C362868}.Release|iPhone.Build.0 = Release|Any CPU
		{2DC5BE90-F64F-42E1-843D-B14C4C362868}.Release|iPhoneSimulator.ActiveCfg = Release|Any CPU
		{2DC5BE90-F64F-42E1-843D-B14C4C362868}.Release|iPhoneSimulator.Build.0 = Release|Any CPU
		{CCBDD903-15F3-4C88-8BF1-13F6B3AF07BB}.Ad-Hoc|Any CPU.ActiveCfg = Release|Any CPU
		{CCBDD903-15F3-4C88-8BF1-13F6B3AF07BB}.Ad-Hoc|Any CPU.Build.0 = Release|Any CPU
		{CCBDD903-15F3-4C88-8BF1-13F6B3AF07BB}.Ad-Hoc|Any CPU.Deploy.0 = Release|Any CPU
		{CCBDD903-15F3-4C88-8BF1-13F6B3AF07BB}.Ad-Hoc|iPhone.ActiveCfg = Release|Any CPU
		{CCBDD903-15F3-4C88-8BF1-13F6B3AF07BB}.Ad-Hoc|iPhone.Build.0 = Release|Any CPU
		{CCBDD903-15F3-4C88-8BF1-13F6B3AF07BB}.Ad-Hoc|iPhone.Deploy.0 = Release|Any CPU
		{CCBDD903-15F3-4C88-8BF1-13F6B3AF07BB}.Ad-Hoc|iPhoneSimulator.ActiveCfg = Release|Any CPU
		{CCBDD903-15F3-4C88-8BF1-13F6B3AF07BB}.Ad-Hoc|iPhoneSimulator.Build.0 = Release|Any CPU
		{CCBDD903-15F3-4C88-8BF1-13F6B3AF07BB}.Ad-Hoc|iPhoneSimulator.Deploy.0 = Release|Any CPU
		{CCBDD903-15F3-4C88-8BF1-13F6B3AF07BB}.AppStore|Any CPU.ActiveCfg = Release|Any CPU
		{CCBDD903-15F3-4C88-8BF1-13F6B3AF07BB}.AppStore|Any CPU.Build.0 = Release|Any CPU
		{CCBDD903-15F3-4C88-8BF1-13F6B3AF07BB}.AppStore|Any CPU.Deploy.0 = Release|Any CPU
		{CCBDD903-15F3-4C88-8BF1-13F6B3AF07BB}.AppStore|iPhone.ActiveCfg = Release|Any CPU
		{CCBDD903-15F3-4C88-8BF1-13F6B3AF07BB}.AppStore|iPhone.Build.0 = Release|Any CPU
		{CCBDD903-15F3-4C88-8BF1-13F6B3AF07BB}.AppStore|iPhone.Deploy.0 = Release|Any CPU
		{CCBDD903-15F3-4C88-8BF1-13F6B3AF07BB}.AppStore|iPhoneSimulator.ActiveCfg = Release|Any CPU
		{CCBDD903-15F3-4C88-8BF1-13F6B3AF07BB}.AppStore|iPhoneSimulator.Build.0 = Release|Any CPU
		{CCBDD903-15F3-4C88-8BF1-13F6B3AF07BB}.AppStore|iPhoneSimulator.Deploy.0 = Release|Any CPU
		{CCBDD903-15F3-4C88-8BF1-13F6B3AF07BB}.Debug|Any CPU.ActiveCfg = Debug|Any CPU
		{CCBDD903-15F3-4C88-8BF1-13F6B3AF07BB}.Debug|Any CPU.Build.0 = Debug|Any CPU
		{CCBDD903-15F3-4C88-8BF1-13F6B3AF07BB}.Debug|Any CPU.Deploy.0 = Debug|Any CPU
		{CCBDD903-15F3-4C88-8BF1-13F6B3AF07BB}.Debug|iPhone.ActiveCfg = Debug|Any CPU
		{CCBDD903-15F3-4C88-8BF1-13F6B3AF07BB}.Debug|iPhone.Build.0 = Debug|Any CPU
		{CCBDD903-15F3-4C88-8BF1-13F6B3AF07BB}.Debug|iPhone.Deploy.0 = Debug|Any CPU
		{CCBDD903-15F3-4C88-8BF1-13F6B3AF07BB}.Debug|iPhoneSimulator.ActiveCfg = Debug|Any CPU
		{CCBDD903-15F3-4C88-8BF1-13F6B3AF07BB}.Debug|iPhoneSimulator.Build.0 = Debug|Any CPU
		{CCBDD903-15F3-4C88-8BF1-13F6B3AF07BB}.Debug|iPhoneSimulator.Deploy.0 = Debug|Any CPU
		{CCBDD903-15F3-4C88-8BF1-13F6B3AF07BB}.Release|Any CPU.ActiveCfg = Release|Any CPU
		{CCBDD903-15F3-4C88-8BF1-13F6B3AF07BB}.Release|Any CPU.Build.0 = Release|Any CPU
		{CCBDD903-15F3-4C88-8BF1-13F6B3AF07BB}.Release|Any CPU.Deploy.0 = Release|Any CPU
		{CCBDD903-15F3-4C88-8BF1-13F6B3AF07BB}.Release|iPhone.ActiveCfg = Release|Any CPU
		{CCBDD903-15F3-4C88-8BF1-13F6B3AF07BB}.Release|iPhone.Build.0 = Release|Any CPU
		{CCBDD903-15F3-4C88-8BF1-13F6B3AF07BB}.Release|iPhone.Deploy.0 = Release|Any CPU
		{CCBDD903-15F3-4C88-8BF1-13F6B3AF07BB}.Release|iPhoneSimulator.ActiveCfg = Release|Any CPU
		{CCBDD903-15F3-4C88-8BF1-13F6B3AF07BB}.Release|iPhoneSimulator.Build.0 = Release|Any CPU
		{CCBDD903-15F3-4C88-8BF1-13F6B3AF07BB}.Release|iPhoneSimulator.Deploy.0 = Release|Any CPU
		{466B9853-9E8D-4DC7-B742-7540C034D06A}.Ad-Hoc|Any CPU.ActiveCfg = Ad-Hoc|iPhone
		{466B9853-9E8D-4DC7-B742-7540C034D06A}.Ad-Hoc|iPhone.ActiveCfg = Ad-Hoc|iPhone
		{466B9853-9E8D-4DC7-B742-7540C034D06A}.Ad-Hoc|iPhone.Build.0 = Ad-Hoc|iPhone
		{466B9853-9E8D-4DC7-B742-7540C034D06A}.Ad-Hoc|iPhoneSimulator.ActiveCfg = Ad-Hoc|iPhoneSimulator
		{466B9853-9E8D-4DC7-B742-7540C034D06A}.Ad-Hoc|iPhoneSimulator.Build.0 = Ad-Hoc|iPhoneSimulator
		{466B9853-9E8D-4DC7-B742-7540C034D06A}.AppStore|Any CPU.ActiveCfg = AppStore|iPhone
		{466B9853-9E8D-4DC7-B742-7540C034D06A}.AppStore|iPhone.ActiveCfg = AppStore|iPhone
		{466B9853-9E8D-4DC7-B742-7540C034D06A}.AppStore|iPhone.Build.0 = AppStore|iPhone
		{466B9853-9E8D-4DC7-B742-7540C034D06A}.AppStore|iPhoneSimulator.ActiveCfg = AppStore|iPhoneSimulator
		{466B9853-9E8D-4DC7-B742-7540C034D06A}.AppStore|iPhoneSimulator.Build.0 = AppStore|iPhoneSimulator
		{466B9853-9E8D-4DC7-B742-7540C034D06A}.Debug|Any CPU.ActiveCfg = Debug|iPhone
		{466B9853-9E8D-4DC7-B742-7540C034D06A}.Debug|iPhone.ActiveCfg = Debug|iPhone
		{466B9853-9E8D-4DC7-B742-7540C034D06A}.Debug|iPhone.Build.0 = Debug|iPhone
		{466B9853-9E8D-4DC7-B742-7540C034D06A}.Debug|iPhoneSimulator.ActiveCfg = Debug|iPhoneSimulator
		{466B9853-9E8D-4DC7-B742-7540C034D06A}.Debug|iPhoneSimulator.Build.0 = Debug|iPhoneSimulator
		{466B9853-9E8D-4DC7-B742-7540C034D06A}.Release|Any CPU.ActiveCfg = Release|iPhone
		{466B9853-9E8D-4DC7-B742-7540C034D06A}.Release|iPhone.ActiveCfg = Release|iPhone
		{466B9853-9E8D-4DC7-B742-7540C034D06A}.Release|iPhone.Build.0 = Release|iPhone
		{466B9853-9E8D-4DC7-B742-7540C034D06A}.Release|iPhoneSimulator.ActiveCfg = Release|iPhoneSimulator
		{466B9853-9E8D-4DC7-B742-7540C034D06A}.Release|iPhoneSimulator.Build.0 = Release|iPhoneSimulator
	EndGlobalSection
	GlobalSection(SolutionProperties) = preSolution
		HideSolutionNode = FALSE
	EndGlobalSection
	GlobalSection(NestedProjects) = preSolution
		{2DC5BE90-F64F-42E1-843D-B14C4C362868} = {236DD315-DFA5-4A7B-AF42-47B033F56C94}
		{CCBDD903-15F3-4C88-8BF1-13F6B3AF07BB} = {236DD315-DFA5-4A7B-AF42-47B033F56C94}
		{466B9853-9E8D-4DC7-B742-7540C034D06A} = {236DD315-DFA5-4A7B-AF42-47B033F56C94}
		{236DD315-DFA5-4A7B-AF42-47B033F56C94} = {AC8E4A20-E9A5-42DA-AA9D-9E2288D2111A}
		{479756E5-F2AE-4E72-B107-8583E4D9A376} = {AC8E4A20-E9A5-42DA-AA9D-9E2288D2111A}
	EndGlobalSection
EndGlobal
